// !$*UTF8*$!
{
	archiveVersion = 1;
	classes = {
	};
	objectVersion = 50;
	objects = {

/* Begin PBXBuildFile section */
		820322D02570287E00FDDE8F /* RatingView.swift in Sources */ = {isa = PBXBuildFile; fileRef = 820322CF2570287E00FDDE8F /* RatingView.swift */; };
		8209D029256F9A4C006F4E9F /* AppDelegate.swift in Sources */ = {isa = PBXBuildFile; fileRef = 8209D028256F9A4C006F4E9F /* AppDelegate.swift */; };
		8209D030256F9A4C006F4E9F /* Main.storyboard in Resources */ = {isa = PBXBuildFile; fileRef = 8209D02E256F9A4C006F4E9F /* Main.storyboard */; };
		8209D032256F9A4E006F4E9F /* Assets.xcassets in Resources */ = {isa = PBXBuildFile; fileRef = 8209D031256F9A4E006F4E9F /* Assets.xcassets */; };
		8209D035256F9A4E006F4E9F /* LaunchScreen.storyboard in Resources */ = {isa = PBXBuildFile; fileRef = 8209D033256F9A4E006F4E9F /* LaunchScreen.storyboard */; };
		8209D04B256F9A4E006F4E9F /* TVBoxUITests.swift in Sources */ = {isa = PBXBuildFile; fileRef = 8209D04A256F9A4E006F4E9F /* TVBoxUITests.swift */; };
		8209D082256F9F48006F4E9F /* ClientManager.swift in Sources */ = {isa = PBXBuildFile; fileRef = 8209D081256F9F48006F4E9F /* ClientManager.swift */; };
		8209D08A256F9F71006F4E9F /* ClientInterfaces.swift in Sources */ = {isa = PBXBuildFile; fileRef = 8209D089256F9F71006F4E9F /* ClientInterfaces.swift */; };
		8209D08F256F9FF5006F4E9F /* Keys.swift in Sources */ = {isa = PBXBuildFile; fileRef = 8209D08E256F9FF5006F4E9F /* Keys.swift */; };
		8209D094256FA00B006F4E9F /* DependencyRegistry.swift in Sources */ = {isa = PBXBuildFile; fileRef = 8209D093256FA00B006F4E9F /* DependencyRegistry.swift */; };
		8209D099256FA0E9006F4E9F /* String.swift in Sources */ = {isa = PBXBuildFile; fileRef = 8209D098256FA0E9006F4E9F /* String.swift */; };
		8209D09F256FA82E006F4E9F /* TVShowsRequests.swift in Sources */ = {isa = PBXBuildFile; fileRef = 8209D09E256FA82E006F4E9F /* TVShowsRequests.swift */; };
		8209D0A7256FA8D2006F4E9F /* TVShows.swift in Sources */ = {isa = PBXBuildFile; fileRef = 8209D0A6256FA8D2006F4E9F /* TVShows.swift */; };
		8209D0AC256FA98A006F4E9F /* TVShowsListingPresenter.swift in Sources */ = {isa = PBXBuildFile; fileRef = 8209D0AB256FA98A006F4E9F /* TVShowsListingPresenter.swift */; };
		8209D0B4256FA99E006F4E9F /* BaseViewController.swift in Sources */ = {isa = PBXBuildFile; fileRef = 8209D0B3256FA99E006F4E9F /* BaseViewController.swift */; };
		8209D0B9256FA9AA006F4E9F /* BasePresenter.swift in Sources */ = {isa = PBXBuildFile; fileRef = 8209D0B8256FA9AA006F4E9F /* BasePresenter.swift */; };
		8209D0BF256FAA08006F4E9F /* LoadingView.swift in Sources */ = {isa = PBXBuildFile; fileRef = 8209D0BE256FAA08006F4E9F /* LoadingView.swift */; };
		8209D0C7256FAA14006F4E9F /* LoadingView.xib in Resources */ = {isa = PBXBuildFile; fileRef = 8209D0C6256FAA14006F4E9F /* LoadingView.xib */; };
		8209D0D0256FABC0006F4E9F /* TVShowsListingViewController.swift in Sources */ = {isa = PBXBuildFile; fileRef = 8209D0CF256FABC0006F4E9F /* TVShowsListingViewController.swift */; };
		8209D0D7256FB001006F4E9F /* TVShowTableViewCell.swift in Sources */ = {isa = PBXBuildFile; fileRef = 8209D0D5256FB001006F4E9F /* TVShowTableViewCell.swift */; };
		8209D0D8256FB001006F4E9F /* TVShowTableViewCell.xib in Resources */ = {isa = PBXBuildFile; fileRef = 8209D0D6256FB001006F4E9F /* TVShowTableViewCell.xib */; };
		8209D0DD256FB24D006F4E9F /* UIImageView.swift in Sources */ = {isa = PBXBuildFile; fileRef = 8209D0DC256FB24D006F4E9F /* UIImageView.swift */; };
		82567CBF2570CA0700CA2CE9 /* ListingViewTests.swift in Sources */ = {isa = PBXBuildFile; fileRef = 82567CBE2570CA0700CA2CE9 /* ListingViewTests.swift */; };
		82567CC72570CA1F00CA2CE9 /* ListingPresnterTests.swift in Sources */ = {isa = PBXBuildFile; fileRef = 82567CC62570CA1F00CA2CE9 /* ListingPresnterTests.swift */; };
		82567CDA2570E34000CA2CE9 /* TVShowDetailsViewTests.swift in Sources */ = {isa = PBXBuildFile; fileRef = 82567CD92570E34000CA2CE9 /* TVShowDetailsViewTests.swift */; };
		82567CE22570E35400CA2CE9 /* TVShowDetailsPresenterTests.swift in Sources */ = {isa = PBXBuildFile; fileRef = 82567CE12570E35400CA2CE9 /* TVShowDetailsPresenterTests.swift */; };
		82567CEA2570F9E100CA2CE9 /* ClientManagerTests.swift in Sources */ = {isa = PBXBuildFile; fileRef = 82567CE92570F9E100CA2CE9 /* ClientManagerTests.swift */; };
		82567CF02570FDB300CA2CE9 /* test_valid_response.json in Resources */ = {isa = PBXBuildFile; fileRef = 82567CEF2570FDB300CA2CE9 /* test_valid_response.json */; };
		82567CFC2571028200CA2CE9 /* ClientInterfacesTests.swift in Sources */ = {isa = PBXBuildFile; fileRef = 82567CFB2571028200CA2CE9 /* ClientInterfacesTests.swift */; };
		825EEC40256FC0F40012DB5C /* TVShowDetailsViewController.swift in Sources */ = {isa = PBXBuildFile; fileRef = 825EEC3F256FC0F40012DB5C /* TVShowDetailsViewController.swift */; };
		825EEC45256FC1080012DB5C /* TVShowDetailsPresenter.swift in Sources */ = {isa = PBXBuildFile; fileRef = 825EEC44256FC1080012DB5C /* TVShowDetailsPresenter.swift */; };
		825EEC4C256FDB730012DB5C /* PhotoCollectionViewCell.swift in Sources */ = {isa = PBXBuildFile; fileRef = 825EEC4A256FDB730012DB5C /* PhotoCollectionViewCell.swift */; };
		825EEC4D256FDB730012DB5C /* PhotoCollectionViewCell.xib in Resources */ = {isa = PBXBuildFile; fileRef = 825EEC4B256FDB730012DB5C /* PhotoCollectionViewCell.xib */; };
		825EEC52256FF2A40012DB5C /* AuthenticationRequests.swift in Sources */ = {isa = PBXBuildFile; fileRef = 825EEC51256FF2A40012DB5C /* AuthenticationRequests.swift */; };
		825EEC57256FF3100012DB5C /* AuthenticationResponse.swift in Sources */ = {isa = PBXBuildFile; fileRef = 825EEC56256FF3100012DB5C /* AuthenticationResponse.swift */; };
		825EEC6E2570077C0012DB5C /* PhotosCollectionViewDelegate.swift in Sources */ = {isa = PBXBuildFile; fileRef = 825EEC6D2570077C0012DB5C /* PhotosCollectionViewDelegate.swift */; };
		825EEC762570147C0012DB5C /* SimilerTVShowsCollectionViewDelegate.swift in Sources */ = {isa = PBXBuildFile; fileRef = 825EEC752570147C0012DB5C /* SimilerTVShowsCollectionViewDelegate.swift */; };
		825EEC7C257014920012DB5C /* TVShowCollectionViewCell.swift in Sources */ = {isa = PBXBuildFile; fileRef = 825EEC7A257014920012DB5C /* TVShowCollectionViewCell.swift */; };
		825EEC7D257014920012DB5C /* TVShowCollectionViewCell.xib in Resources */ = {isa = PBXBuildFile; fileRef = 825EEC7B257014920012DB5C /* TVShowCollectionViewCell.xib */; };
/* End PBXBuildFile section */

/* Begin PBXContainerItemProxy section */
		8209D03C256F9A4E006F4E9F /* PBXContainerItemProxy */ = {
			isa = PBXContainerItemProxy;
			containerPortal = 8209D01D256F9A4C006F4E9F /* Project object */;
			proxyType = 1;
			remoteGlobalIDString = 8209D024256F9A4C006F4E9F;
			remoteInfo = TVBox;
		};
		8209D047256F9A4E006F4E9F /* PBXContainerItemProxy */ = {
			isa = PBXContainerItemProxy;
			containerPortal = 8209D01D256F9A4C006F4E9F /* Project object */;
			proxyType = 1;
			remoteGlobalIDString = 8209D024256F9A4C006F4E9F;
			remoteInfo = TVBox;
		};
/* End PBXContainerItemProxy section */

/* Begin PBXFileReference section */
		820322CF2570287E00FDDE8F /* RatingView.swift */ = {isa = PBXFileReference; lastKnownFileType = sourcecode.swift; path = RatingView.swift; sourceTree = "<group>"; };
		8209D025256F9A4C006F4E9F /* TVBox.app */ = {isa = PBXFileReference; explicitFileType = wrapper.application; includeInIndex = 0; path = TVBox.app; sourceTree = BUILT_PRODUCTS_DIR; };
		8209D028256F9A4C006F4E9F /* AppDelegate.swift */ = {isa = PBXFileReference; lastKnownFileType = sourcecode.swift; path = AppDelegate.swift; sourceTree = "<group>"; };
		8209D02F256F9A4C006F4E9F /* Base */ = {isa = PBXFileReference; lastKnownFileType = file.storyboard; name = Base; path = Base.lproj/Main.storyboard; sourceTree = "<group>"; };
		8209D031256F9A4E006F4E9F /* Assets.xcassets */ = {isa = PBXFileReference; lastKnownFileType = folder.assetcatalog; path = Assets.xcassets; sourceTree = "<group>"; };
		8209D034256F9A4E006F4E9F /* Base */ = {isa = PBXFileReference; lastKnownFileType = file.storyboard; name = Base; path = Base.lproj/LaunchScreen.storyboard; sourceTree = "<group>"; };
		8209D036256F9A4E006F4E9F /* Info.plist */ = {isa = PBXFileReference; lastKnownFileType = text.plist.xml; path = Info.plist; sourceTree = "<group>"; };
		8209D03B256F9A4E006F4E9F /* TVBoxTests.xctest */ = {isa = PBXFileReference; explicitFileType = wrapper.cfbundle; includeInIndex = 0; path = TVBoxTests.xctest; sourceTree = BUILT_PRODUCTS_DIR; };
		8209D041256F9A4E006F4E9F /* Info.plist */ = {isa = PBXFileReference; lastKnownFileType = text.plist.xml; path = Info.plist; sourceTree = "<group>"; };
		8209D046256F9A4E006F4E9F /* TVBoxUITests.xctest */ = {isa = PBXFileReference; explicitFileType = wrapper.cfbundle; includeInIndex = 0; path = TVBoxUITests.xctest; sourceTree = BUILT_PRODUCTS_DIR; };
		8209D04A256F9A4E006F4E9F /* TVBoxUITests.swift */ = {isa = PBXFileReference; lastKnownFileType = sourcecode.swift; path = TVBoxUITests.swift; sourceTree = "<group>"; };
		8209D04C256F9A4E006F4E9F /* Info.plist */ = {isa = PBXFileReference; lastKnownFileType = text.plist.xml; path = Info.plist; sourceTree = "<group>"; };
		8209D081256F9F48006F4E9F /* ClientManager.swift */ = {isa = PBXFileReference; lastKnownFileType = sourcecode.swift; path = ClientManager.swift; sourceTree = "<group>"; };
		8209D089256F9F71006F4E9F /* ClientInterfaces.swift */ = {isa = PBXFileReference; lastKnownFileType = sourcecode.swift; path = ClientInterfaces.swift; sourceTree = "<group>"; };
		8209D08E256F9FF5006F4E9F /* Keys.swift */ = {isa = PBXFileReference; lastKnownFileType = sourcecode.swift; path = Keys.swift; sourceTree = "<group>"; };
		8209D093256FA00B006F4E9F /* DependencyRegistry.swift */ = {isa = PBXFileReference; lastKnownFileType = sourcecode.swift; path = DependencyRegistry.swift; sourceTree = "<group>"; };
		8209D098256FA0E9006F4E9F /* String.swift */ = {isa = PBXFileReference; lastKnownFileType = sourcecode.swift; path = String.swift; sourceTree = "<group>"; };
		8209D09E256FA82E006F4E9F /* TVShowsRequests.swift */ = {isa = PBXFileReference; lastKnownFileType = sourcecode.swift; path = TVShowsRequests.swift; sourceTree = "<group>"; };
		8209D0A6256FA8D2006F4E9F /* TVShows.swift */ = {isa = PBXFileReference; lastKnownFileType = sourcecode.swift; path = TVShows.swift; sourceTree = "<group>"; };
		8209D0AB256FA98A006F4E9F /* TVShowsListingPresenter.swift */ = {isa = PBXFileReference; lastKnownFileType = sourcecode.swift; path = TVShowsListingPresenter.swift; sourceTree = "<group>"; };
		8209D0B3256FA99E006F4E9F /* BaseViewController.swift */ = {isa = PBXFileReference; lastKnownFileType = sourcecode.swift; path = BaseViewController.swift; sourceTree = "<group>"; };
		8209D0B8256FA9AA006F4E9F /* BasePresenter.swift */ = {isa = PBXFileReference; lastKnownFileType = sourcecode.swift; path = BasePresenter.swift; sourceTree = "<group>"; };
		8209D0BE256FAA08006F4E9F /* LoadingView.swift */ = {isa = PBXFileReference; lastKnownFileType = sourcecode.swift; path = LoadingView.swift; sourceTree = "<group>"; };
		8209D0C6256FAA14006F4E9F /* LoadingView.xib */ = {isa = PBXFileReference; lastKnownFileType = file.xib; path = LoadingView.xib; sourceTree = "<group>"; };
		8209D0CF256FABC0006F4E9F /* TVShowsListingViewController.swift */ = {isa = PBXFileReference; lastKnownFileType = sourcecode.swift; path = TVShowsListingViewController.swift; sourceTree = "<group>"; };
		8209D0D5256FB001006F4E9F /* TVShowTableViewCell.swift */ = {isa = PBXFileReference; lastKnownFileType = sourcecode.swift; path = TVShowTableViewCell.swift; sourceTree = "<group>"; };
		8209D0D6256FB001006F4E9F /* TVShowTableViewCell.xib */ = {isa = PBXFileReference; lastKnownFileType = file.xib; path = TVShowTableViewCell.xib; sourceTree = "<group>"; };
		8209D0DC256FB24D006F4E9F /* UIImageView.swift */ = {isa = PBXFileReference; lastKnownFileType = sourcecode.swift; path = UIImageView.swift; sourceTree = "<group>"; };
		82567CBE2570CA0700CA2CE9 /* ListingViewTests.swift */ = {isa = PBXFileReference; lastKnownFileType = sourcecode.swift; path = ListingViewTests.swift; sourceTree = "<group>"; };
		82567CC62570CA1F00CA2CE9 /* ListingPresnterTests.swift */ = {isa = PBXFileReference; lastKnownFileType = sourcecode.swift; path = ListingPresnterTests.swift; sourceTree = "<group>"; };
		82567CD92570E34000CA2CE9 /* TVShowDetailsViewTests.swift */ = {isa = PBXFileReference; lastKnownFileType = sourcecode.swift; path = TVShowDetailsViewTests.swift; sourceTree = "<group>"; };
		82567CE12570E35400CA2CE9 /* TVShowDetailsPresenterTests.swift */ = {isa = PBXFileReference; lastKnownFileType = sourcecode.swift; path = TVShowDetailsPresenterTests.swift; sourceTree = "<group>"; };
		82567CE92570F9E100CA2CE9 /* ClientManagerTests.swift */ = {isa = PBXFileReference; lastKnownFileType = sourcecode.swift; path = ClientManagerTests.swift; sourceTree = "<group>"; };
		82567CEF2570FDB300CA2CE9 /* test_valid_response.json */ = {isa = PBXFileReference; fileEncoding = 4; lastKnownFileType = text.json; path = test_valid_response.json; sourceTree = "<group>"; };
		82567CFB2571028200CA2CE9 /* ClientInterfacesTests.swift */ = {isa = PBXFileReference; lastKnownFileType = sourcecode.swift; path = ClientInterfacesTests.swift; sourceTree = "<group>"; };
		825EEC3F256FC0F40012DB5C /* TVShowDetailsViewController.swift */ = {isa = PBXFileReference; lastKnownFileType = sourcecode.swift; path = TVShowDetailsViewController.swift; sourceTree = "<group>"; };
		825EEC44256FC1080012DB5C /* TVShowDetailsPresenter.swift */ = {isa = PBXFileReference; lastKnownFileType = sourcecode.swift; path = TVShowDetailsPresenter.swift; sourceTree = "<group>"; };
		825EEC4A256FDB730012DB5C /* PhotoCollectionViewCell.swift */ = {isa = PBXFileReference; lastKnownFileType = sourcecode.swift; path = PhotoCollectionViewCell.swift; sourceTree = "<group>"; };
		825EEC4B256FDB730012DB5C /* PhotoCollectionViewCell.xib */ = {isa = PBXFileReference; lastKnownFileType = file.xib; path = PhotoCollectionViewCell.xib; sourceTree = "<group>"; };
		825EEC51256FF2A40012DB5C /* AuthenticationRequests.swift */ = {isa = PBXFileReference; lastKnownFileType = sourcecode.swift; path = AuthenticationRequests.swift; sourceTree = "<group>"; };
		825EEC56256FF3100012DB5C /* AuthenticationResponse.swift */ = {isa = PBXFileReference; lastKnownFileType = sourcecode.swift; path = AuthenticationResponse.swift; sourceTree = "<group>"; };
		825EEC6D2570077C0012DB5C /* PhotosCollectionViewDelegate.swift */ = {isa = PBXFileReference; lastKnownFileType = sourcecode.swift; path = PhotosCollectionViewDelegate.swift; sourceTree = "<group>"; };
		825EEC752570147C0012DB5C /* SimilerTVShowsCollectionViewDelegate.swift */ = {isa = PBXFileReference; lastKnownFileType = sourcecode.swift; path = SimilerTVShowsCollectionViewDelegate.swift; sourceTree = "<group>"; };
		825EEC7A257014920012DB5C /* TVShowCollectionViewCell.swift */ = {isa = PBXFileReference; lastKnownFileType = sourcecode.swift; path = TVShowCollectionViewCell.swift; sourceTree = "<group>"; };
		825EEC7B257014920012DB5C /* TVShowCollectionViewCell.xib */ = {isa = PBXFileReference; lastKnownFileType = file.xib; path = TVShowCollectionViewCell.xib; sourceTree = "<group>"; };
/* End PBXFileReference section */

/* Begin PBXFrameworksBuildPhase section */
		8209D022256F9A4C006F4E9F /* Frameworks */ = {
			isa = PBXFrameworksBuildPhase;
			buildActionMask = 2147483647;
			files = (
			);
			runOnlyForDeploymentPostprocessing = 0;
		};
		8209D038256F9A4E006F4E9F /* Frameworks */ = {
			isa = PBXFrameworksBuildPhase;
			buildActionMask = 2147483647;
			files = (
			);
			runOnlyForDeploymentPostprocessing = 0;
		};
		8209D043256F9A4E006F4E9F /* Frameworks */ = {
			isa = PBXFrameworksBuildPhase;
			buildActionMask = 2147483647;
			files = (
			);
			runOnlyForDeploymentPostprocessing = 0;
		};
/* End PBXFrameworksBuildPhase section */

/* Begin PBXGroup section */
		820322BF25701C8500FDDE8F /* Frameworks */ = {
			isa = PBXGroup;
			children = (
			);
			name = Frameworks;
			sourceTree = "<group>";
		};
		820322CE2570287000FDDE8F /* Rating */ = {
			isa = PBXGroup;
			children = (
				820322CF2570287E00FDDE8F /* RatingView.swift */,
			);
			path = Rating;
			sourceTree = "<group>";
		};
		820322D725702E7900FDDE8F /* delegates */ = {
			isa = PBXGroup;
			children = (
				825EEC6D2570077C0012DB5C /* PhotosCollectionViewDelegate.swift */,
				825EEC752570147C0012DB5C /* SimilerTVShowsCollectionViewDelegate.swift */,
			);
			path = delegates;
			sourceTree = "<group>";
		};
		8209D01C256F9A4C006F4E9F = {
			isa = PBXGroup;
			children = (
				8209D027256F9A4C006F4E9F /* TVBox */,
				8209D03E256F9A4E006F4E9F /* TVBoxTests */,
				8209D049256F9A4E006F4E9F /* TVBoxUITests */,
				8209D026256F9A4C006F4E9F /* Products */,
				820322BF25701C8500FDDE8F /* Frameworks */,
			);
			sourceTree = "<group>";
		};
		8209D026256F9A4C006F4E9F /* Products */ = {
			isa = PBXGroup;
			children = (
				8209D025256F9A4C006F4E9F /* TVBox.app */,
				8209D03B256F9A4E006F4E9F /* TVBoxTests.xctest */,
				8209D046256F9A4E006F4E9F /* TVBoxUITests.xctest */,
			);
			name = Products;
			sourceTree = "<group>";
		};
		8209D027256F9A4C006F4E9F /* TVBox */ = {
			isa = PBXGroup;
			children = (
				8209D06A256F9D79006F4E9F /* Features */,
				8209D09D256FA7A3006F4E9F /* Models */,
				8209D06C256F9D94006F4E9F /* Network */,
				8209D06D256F9DA1006F4E9F /* Utilities */,
				8209D071256F9DC5006F4E9F /* AppFiles */,
				8209D06F256F9DB8006F4E9F /* Resources */,
				8209D06E256F9DAD006F4E9F /* Dependency */,
			);
			path = TVBox;
			sourceTree = "<group>";
		};
		8209D03E256F9A4E006F4E9F /* TVBoxTests */ = {
			isa = PBXGroup;
			children = (
				82567D0325713E8400CA2CE9 /* Integration */,
				82567CBC2570C9A100CA2CE9 /* Features */,
				82567CBD2570C9AF00CA2CE9 /* Network */,
				8209D041256F9A4E006F4E9F /* Info.plist */,
			);
			path = TVBoxTests;
			sourceTree = "<group>";
		};
		8209D049256F9A4E006F4E9F /* TVBoxUITests */ = {
			isa = PBXGroup;
			children = (
				8209D04A256F9A4E006F4E9F /* TVBoxUITests.swift */,
				8209D04C256F9A4E006F4E9F /* Info.plist */,
			);
			path = TVBoxUITests;
			sourceTree = "<group>";
		};
		8209D06A256F9D79006F4E9F /* Features */ = {
			isa = PBXGroup;
			children = (
				8209D02E256F9A4C006F4E9F /* Main.storyboard */,
				8209D078256F9E1A006F4E9F /* ListingTVShows */,
				8209D079256F9E3C006F4E9F /* TVShowDetails */,
			);
			path = Features;
			sourceTree = "<group>";
		};
		8209D06C256F9D94006F4E9F /* Network */ = {
			isa = PBXGroup;
			children = (
				8209D081256F9F48006F4E9F /* ClientManager.swift */,
				8209D089256F9F71006F4E9F /* ClientInterfaces.swift */,
			);
			path = Network;
			sourceTree = "<group>";
		};
		8209D06D256F9DA1006F4E9F /* Utilities */ = {
			isa = PBXGroup;
			children = (
				8209D0BD256FA9F4006F4E9F /* CustomViews */,
				8209D080256F9E92006F4E9F /* Keys */,
				8209D07F256F9E81006F4E9F /* BaseClasses */,
				8209D07E256F9E74006F4E9F /* Exensions */,
			);
			path = Utilities;
			sourceTree = "<group>";
		};
		8209D06E256F9DAD006F4E9F /* Dependency */ = {
			isa = PBXGroup;
			children = (
				8209D093256FA00B006F4E9F /* DependencyRegistry.swift */,
			);
			path = Dependency;
			sourceTree = "<group>";
		};
		8209D06F256F9DB8006F4E9F /* Resources */ = {
			isa = PBXGroup;
			children = (
				8209D031256F9A4E006F4E9F /* Assets.xcassets */,
			);
			path = Resources;
			sourceTree = "<group>";
		};
		8209D071256F9DC5006F4E9F /* AppFiles */ = {
			isa = PBXGroup;
			children = (
				8209D028256F9A4C006F4E9F /* AppDelegate.swift */,
				8209D033256F9A4E006F4E9F /* LaunchScreen.storyboard */,
				8209D036256F9A4E006F4E9F /* Info.plist */,
			);
			path = AppFiles;
			sourceTree = "<group>";
		};
		8209D078256F9E1A006F4E9F /* ListingTVShows */ = {
			isa = PBXGroup;
			children = (
				8209D07A256F9E4F006F4E9F /* Views */,
				8209D07B256F9E56006F4E9F /* Presenter */,
			);
			path = ListingTVShows;
			sourceTree = "<group>";
		};
		8209D079256F9E3C006F4E9F /* TVShowDetails */ = {
			isa = PBXGroup;
			children = (
				8209D07C256F9E5D006F4E9F /* Views */,
				8209D07D256F9E62006F4E9F /* Presenter */,
			);
			path = TVShowDetails;
			sourceTree = "<group>";
		};
		8209D07A256F9E4F006F4E9F /* Views */ = {
			isa = PBXGroup;
			children = (
				8209D0D4256FAFE3006F4E9F /* Cells */,
				8209D0CF256FABC0006F4E9F /* TVShowsListingViewController.swift */,
			);
			path = Views;
			sourceTree = "<group>";
		};
		8209D07B256F9E56006F4E9F /* Presenter */ = {
			isa = PBXGroup;
			children = (
				8209D0AB256FA98A006F4E9F /* TVShowsListingPresenter.swift */,
			);
			path = Presenter;
			sourceTree = "<group>";
		};
		8209D07C256F9E5D006F4E9F /* Views */ = {
			isa = PBXGroup;
			children = (
				825EEC49256FDB550012DB5C /* Cells */,
				820322D725702E7900FDDE8F /* delegates */,
				825EEC3F256FC0F40012DB5C /* TVShowDetailsViewController.swift */,
			);
			path = Views;
			sourceTree = "<group>";
		};
		8209D07D256F9E62006F4E9F /* Presenter */ = {
			isa = PBXGroup;
			children = (
				825EEC44256FC1080012DB5C /* TVShowDetailsPresenter.swift */,
			);
			path = Presenter;
			sourceTree = "<group>";
		};
		8209D07E256F9E74006F4E9F /* Exensions */ = {
			isa = PBXGroup;
			children = (
				8209D098256FA0E9006F4E9F /* String.swift */,
				8209D0DC256FB24D006F4E9F /* UIImageView.swift */,
			);
			path = Exensions;
			sourceTree = "<group>";
		};
		8209D07F256F9E81006F4E9F /* BaseClasses */ = {
			isa = PBXGroup;
			children = (
				8209D0B3256FA99E006F4E9F /* BaseViewController.swift */,
				8209D0B8256FA9AA006F4E9F /* BasePresenter.swift */,
			);
			path = BaseClasses;
			sourceTree = "<group>";
		};
		8209D080256F9E92006F4E9F /* Keys */ = {
			isa = PBXGroup;
			children = (
				8209D08E256F9FF5006F4E9F /* Keys.swift */,
			);
			path = Keys;
			sourceTree = "<group>";
		};
		8209D09D256FA7A3006F4E9F /* Models */ = {
			isa = PBXGroup;
			children = (
				8209D09E256FA82E006F4E9F /* TVShowsRequests.swift */,
				8209D0A6256FA8D2006F4E9F /* TVShows.swift */,
				825EEC51256FF2A40012DB5C /* AuthenticationRequests.swift */,
				825EEC56256FF3100012DB5C /* AuthenticationResponse.swift */,
			);
			path = Models;
			sourceTree = "<group>";
		};
		8209D0BD256FA9F4006F4E9F /* CustomViews */ = {
			isa = PBXGroup;
			children = (
				820322CE2570287000FDDE8F /* Rating */,
				8209D0CB256FAA19006F4E9F /* LoadingView */,
			);
			path = CustomViews;
			sourceTree = "<group>";
		};
		8209D0CB256FAA19006F4E9F /* LoadingView */ = {
			isa = PBXGroup;
			children = (
				8209D0BE256FAA08006F4E9F /* LoadingView.swift */,
				8209D0C6256FAA14006F4E9F /* LoadingView.xib */,
			);
			path = LoadingView;
			sourceTree = "<group>";
		};
		8209D0D4256FAFE3006F4E9F /* Cells */ = {
			isa = PBXGroup;
			children = (
				8209D0D5256FB001006F4E9F /* TVShowTableViewCell.swift */,
				8209D0D6256FB001006F4E9F /* TVShowTableViewCell.xib */,
			);
			path = Cells;
			sourceTree = "<group>";
		};
		82567CBC2570C9A100CA2CE9 /* Features */ = {
			isa = PBXGroup;
			children = (
				82567CF72570FDC000CA2CE9 /* MockData */,
				82567CD12570E2F200CA2CE9 /* ListingTVShows */,
				82567CD82570E30800CA2CE9 /* TVShowDetails */,
			);
			path = Features;
			sourceTree = "<group>";
		};
		82567CBD2570C9AF00CA2CE9 /* Network */ = {
			isa = PBXGroup;
			children = (
				82567CE92570F9E100CA2CE9 /* ClientManagerTests.swift */,
				82567CFB2571028200CA2CE9 /* ClientInterfacesTests.swift */,
			);
			path = Network;
			sourceTree = "<group>";
		};
		82567CD12570E2F200CA2CE9 /* ListingTVShows */ = {
			isa = PBXGroup;
			children = (
				82567CBE2570CA0700CA2CE9 /* ListingViewTests.swift */,
				82567CC62570CA1F00CA2CE9 /* ListingPresnterTests.swift */,
			);
			path = ListingTVShows;
			sourceTree = "<group>";
		};
		82567CD82570E30800CA2CE9 /* TVShowDetails */ = {
			isa = PBXGroup;
			children = (
				82567CD92570E34000CA2CE9 /* TVShowDetailsViewTests.swift */,
				82567CE12570E35400CA2CE9 /* TVShowDetailsPresenterTests.swift */,
			);
			path = TVShowDetails;
			sourceTree = "<group>";
		};
		82567CF72570FDC000CA2CE9 /* MockData */ = {
			isa = PBXGroup;
			children = (
				82567CEF2570FDB300CA2CE9 /* test_valid_response.json */,
			);
			path = MockData;
			sourceTree = "<group>";
		};
		82567D0325713E8400CA2CE9 /* Integration */ = {
			isa = PBXGroup;
			children = (
			);
			path = Integration;
			sourceTree = "<group>";
		};
		825EEC49256FDB550012DB5C /* Cells */ = {
			isa = PBXGroup;
			children = (
				825EEC4A256FDB730012DB5C /* PhotoCollectionViewCell.swift */,
				825EEC4B256FDB730012DB5C /* PhotoCollectionViewCell.xib */,
				825EEC7A257014920012DB5C /* TVShowCollectionViewCell.swift */,
				825EEC7B257014920012DB5C /* TVShowCollectionViewCell.xib */,
			);
			path = Cells;
			sourceTree = "<group>";
		};
/* End PBXGroup section */

/* Begin PBXNativeTarget section */
		8209D024256F9A4C006F4E9F /* TVBox */ = {
			isa = PBXNativeTarget;
			buildConfigurationList = 8209D04F256F9A4E006F4E9F /* Build configuration list for PBXNativeTarget "TVBox" */;
			buildPhases = (
				8209D021256F9A4C006F4E9F /* Sources */,
				8209D022256F9A4C006F4E9F /* Frameworks */,
				8209D023256F9A4C006F4E9F /* Resources */,
			);
			buildRules = (
			);
			dependencies = (
			);
			name = TVBox;
			packageProductDependencies = (
			);
			productName = TVBox;
			productReference = 8209D025256F9A4C006F4E9F /* TVBox.app */;
			productType = "com.apple.product-type.application";
		};
		8209D03A256F9A4E006F4E9F /* TVBoxTests */ = {
			isa = PBXNativeTarget;
			buildConfigurationList = 8209D052256F9A4E006F4E9F /* Build configuration list for PBXNativeTarget "TVBoxTests" */;
			buildPhases = (
				8209D037256F9A4E006F4E9F /* Sources */,
				8209D038256F9A4E006F4E9F /* Frameworks */,
				8209D039256F9A4E006F4E9F /* Resources */,
			);
			buildRules = (
			);
			dependencies = (
				8209D03D256F9A4E006F4E9F /* PBXTargetDependency */,
			);
			name = TVBoxTests;
			productName = TVBoxTests;
			productReference = 8209D03B256F9A4E006F4E9F /* TVBoxTests.xctest */;
			productType = "com.apple.product-type.bundle.unit-test";
		};
		8209D045256F9A4E006F4E9F /* TVBoxUITests */ = {
			isa = PBXNativeTarget;
			buildConfigurationList = 8209D055256F9A4E006F4E9F /* Build configuration list for PBXNativeTarget "TVBoxUITests" */;
			buildPhases = (
				8209D042256F9A4E006F4E9F /* Sources */,
				8209D043256F9A4E006F4E9F /* Frameworks */,
				8209D044256F9A4E006F4E9F /* Resources */,
			);
			buildRules = (
			);
			dependencies = (
				8209D048256F9A4E006F4E9F /* PBXTargetDependency */,
			);
			name = TVBoxUITests;
			productName = TVBoxUITests;
			productReference = 8209D046256F9A4E006F4E9F /* TVBoxUITests.xctest */;
			productType = "com.apple.product-type.bundle.ui-testing";
		};
/* End PBXNativeTarget section */

/* Begin PBXProject section */
		8209D01D256F9A4C006F4E9F /* Project object */ = {
			isa = PBXProject;
			attributes = {
				LastSwiftUpdateCheck = 1210;
				LastUpgradeCheck = 1210;
				TargetAttributes = {
					8209D024256F9A4C006F4E9F = {
						CreatedOnToolsVersion = 12.1;
					};
					8209D03A256F9A4E006F4E9F = {
						CreatedOnToolsVersion = 12.1;
						TestTargetID = 8209D024256F9A4C006F4E9F;
					};
					8209D045256F9A4E006F4E9F = {
						CreatedOnToolsVersion = 12.1;
						TestTargetID = 8209D024256F9A4C006F4E9F;
					};
				};
			};
			buildConfigurationList = 8209D020256F9A4C006F4E9F /* Build configuration list for PBXProject "TVBox" */;
			compatibilityVersion = "Xcode 9.3";
			developmentRegion = en;
			hasScannedForEncodings = 0;
			knownRegions = (
				en,
				Base,
			);
			mainGroup = 8209D01C256F9A4C006F4E9F;
			packageReferences = (
			);
			productRefGroup = 8209D026256F9A4C006F4E9F /* Products */;
			projectDirPath = "";
			projectRoot = "";
			targets = (
				8209D024256F9A4C006F4E9F /* TVBox */,
				8209D03A256F9A4E006F4E9F /* TVBoxTests */,
				8209D045256F9A4E006F4E9F /* TVBoxUITests */,
			);
		};
/* End PBXProject section */

/* Begin PBXResourcesBuildPhase section */
		8209D023256F9A4C006F4E9F /* Resources */ = {
			isa = PBXResourcesBuildPhase;
			buildActionMask = 2147483647;
			files = (
				8209D035256F9A4E006F4E9F /* LaunchScreen.storyboard in Resources */,
				825EEC7D257014920012DB5C /* TVShowCollectionViewCell.xib in Resources */,
				8209D0C7256FAA14006F4E9F /* LoadingView.xib in Resources */,
				8209D032256F9A4E006F4E9F /* Assets.xcassets in Resources */,
				825EEC4D256FDB730012DB5C /* PhotoCollectionViewCell.xib in Resources */,
				8209D0D8256FB001006F4E9F /* TVShowTableViewCell.xib in Resources */,
				8209D030256F9A4C006F4E9F /* Main.storyboard in Resources */,
			);
			runOnlyForDeploymentPostprocessing = 0;
		};
		8209D039256F9A4E006F4E9F /* Resources */ = {
			isa = PBXResourcesBuildPhase;
			buildActionMask = 2147483647;
			files = (
				82567CF02570FDB300CA2CE9 /* test_valid_response.json in Resources */,
			);
			runOnlyForDeploymentPostprocessing = 0;
		};
		8209D044256F9A4E006F4E9F /* Resources */ = {
			isa = PBXResourcesBuildPhase;
			buildActionMask = 2147483647;
			files = (
			);
			runOnlyForDeploymentPostprocessing = 0;
		};
/* End PBXResourcesBuildPhase section */

/* Begin PBXSourcesBuildPhase section */
		8209D021256F9A4C006F4E9F /* Sources */ = {
			isa = PBXSourcesBuildPhase;
			buildActionMask = 2147483647;
			files = (
				8209D0AC256FA98A006F4E9F /* TVShowsListingPresenter.swift in Sources */,
				8209D0DD256FB24D006F4E9F /* UIImageView.swift in Sources */,
				8209D09F256FA82E006F4E9F /* TVShowsRequests.swift in Sources */,
				820322D02570287E00FDDE8F /* RatingView.swift in Sources */,
				8209D0D7256FB001006F4E9F /* TVShowTableViewCell.swift in Sources */,
				825EEC40256FC0F40012DB5C /* TVShowDetailsViewController.swift in Sources */,
				825EEC4C256FDB730012DB5C /* PhotoCollectionViewCell.swift in Sources */,
				8209D099256FA0E9006F4E9F /* String.swift in Sources */,
				8209D082256F9F48006F4E9F /* ClientManager.swift in Sources */,
				8209D08F256F9FF5006F4E9F /* Keys.swift in Sources */,
				8209D0BF256FAA08006F4E9F /* LoadingView.swift in Sources */,
				825EEC762570147C0012DB5C /* SimilerTVShowsCollectionViewDelegate.swift in Sources */,
				825EEC7C257014920012DB5C /* TVShowCollectionViewCell.swift in Sources */,
				8209D0B4256FA99E006F4E9F /* BaseViewController.swift in Sources */,
				825EEC45256FC1080012DB5C /* TVShowDetailsPresenter.swift in Sources */,
				8209D094256FA00B006F4E9F /* DependencyRegistry.swift in Sources */,
				8209D029256F9A4C006F4E9F /* AppDelegate.swift in Sources */,
				8209D0A7256FA8D2006F4E9F /* TVShows.swift in Sources */,
				8209D08A256F9F71006F4E9F /* ClientInterfaces.swift in Sources */,
				825EEC6E2570077C0012DB5C /* PhotosCollectionViewDelegate.swift in Sources */,
				8209D0D0256FABC0006F4E9F /* TVShowsListingViewController.swift in Sources */,
				8209D0B9256FA9AA006F4E9F /* BasePresenter.swift in Sources */,
				825EEC57256FF3100012DB5C /* AuthenticationResponse.swift in Sources */,
				825EEC52256FF2A40012DB5C /* AuthenticationRequests.swift in Sources */,
			);
			runOnlyForDeploymentPostprocessing = 0;
		};
		8209D037256F9A4E006F4E9F /* Sources */ = {
			isa = PBXSourcesBuildPhase;
			buildActionMask = 2147483647;
			files = (
				82567CC72570CA1F00CA2CE9 /* ListingPresnterTests.swift in Sources */,
				82567CE22570E35400CA2CE9 /* TVShowDetailsPresenterTests.swift in Sources */,
				82567CDA2570E34000CA2CE9 /* TVShowDetailsViewTests.swift in Sources */,
				82567CBF2570CA0700CA2CE9 /* ListingViewTests.swift in Sources */,
				82567CFC2571028200CA2CE9 /* ClientInterfacesTests.swift in Sources */,
				82567CEA2570F9E100CA2CE9 /* ClientManagerTests.swift in Sources */,
			);
			runOnlyForDeploymentPostprocessing = 0;
		};
		8209D042256F9A4E006F4E9F /* Sources */ = {
			isa = PBXSourcesBuildPhase;
			buildActionMask = 2147483647;
			files = (
				8209D04B256F9A4E006F4E9F /* TVBoxUITests.swift in Sources */,
			);
			runOnlyForDeploymentPostprocessing = 0;
		};
/* End PBXSourcesBuildPhase section */

/* Begin PBXTargetDependency section */
		8209D03D256F9A4E006F4E9F /* PBXTargetDependency */ = {
			isa = PBXTargetDependency;
			target = 8209D024256F9A4C006F4E9F /* TVBox */;
			targetProxy = 8209D03C256F9A4E006F4E9F /* PBXContainerItemProxy */;
		};
		8209D048256F9A4E006F4E9F /* PBXTargetDependency */ = {
			isa = PBXTargetDependency;
			target = 8209D024256F9A4C006F4E9F /* TVBox */;
			targetProxy = 8209D047256F9A4E006F4E9F /* PBXContainerItemProxy */;
		};
/* End PBXTargetDependency section */

/* Begin PBXVariantGroup section */
		8209D02E256F9A4C006F4E9F /* Main.storyboard */ = {
			isa = PBXVariantGroup;
			children = (
				8209D02F256F9A4C006F4E9F /* Base */,
			);
			name = Main.storyboard;
			sourceTree = "<group>";
		};
		8209D033256F9A4E006F4E9F /* LaunchScreen.storyboard */ = {
			isa = PBXVariantGroup;
			children = (
				8209D034256F9A4E006F4E9F /* Base */,
			);
			name = LaunchScreen.storyboard;
			sourceTree = "<group>";
		};
/* End PBXVariantGroup section */

/* Begin XCBuildConfiguration section */
		8209D04D256F9A4E006F4E9F /* Debug */ = {
			isa = XCBuildConfiguration;
			buildSettings = {
				ALWAYS_SEARCH_USER_PATHS = NO;
				CLANG_ANALYZER_NONNULL = YES;
				CLANG_ANALYZER_NUMBER_OBJECT_CONVERSION = YES_AGGRESSIVE;
				CLANG_CXX_LANGUAGE_STANDARD = "gnu++14";
				CLANG_CXX_LIBRARY = "libc++";
				CLANG_ENABLE_MODULES = YES;
				CLANG_ENABLE_OBJC_ARC = YES;
				CLANG_ENABLE_OBJC_WEAK = YES;
				CLANG_WARN_BLOCK_CAPTURE_AUTORELEASING = YES;
				CLANG_WARN_BOOL_CONVERSION = YES;
				CLANG_WARN_COMMA = YES;
				CLANG_WARN_CONSTANT_CONVERSION = YES;
				CLANG_WARN_DEPRECATED_OBJC_IMPLEMENTATIONS = YES;
				CLANG_WARN_DIRECT_OBJC_ISA_USAGE = YES_ERROR;
				CLANG_WARN_DOCUMENTATION_COMMENTS = YES;
				CLANG_WARN_EMPTY_BODY = YES;
				CLANG_WARN_ENUM_CONVERSION = YES;
				CLANG_WARN_INFINITE_RECURSION = YES;
				CLANG_WARN_INT_CONVERSION = YES;
				CLANG_WARN_NON_LITERAL_NULL_CONVERSION = YES;
				CLANG_WARN_OBJC_IMPLICIT_RETAIN_SELF = YES;
				CLANG_WARN_OBJC_LITERAL_CONVERSION = YES;
				CLANG_WARN_OBJC_ROOT_CLASS = YES_ERROR;
				CLANG_WARN_QUOTED_INCLUDE_IN_FRAMEWORK_HEADER = YES;
				CLANG_WARN_RANGE_LOOP_ANALYSIS = YES;
				CLANG_WARN_STRICT_PROTOTYPES = YES;
				CLANG_WARN_SUSPICIOUS_MOVE = YES;
				CLANG_WARN_UNGUARDED_AVAILABILITY = YES_AGGRESSIVE;
				CLANG_WARN_UNREACHABLE_CODE = YES;
				CLANG_WARN__DUPLICATE_METHOD_MATCH = YES;
				COPY_PHASE_STRIP = NO;
				DEBUG_INFORMATION_FORMAT = dwarf;
				ENABLE_STRICT_OBJC_MSGSEND = YES;
				ENABLE_TESTABILITY = YES;
				GCC_C_LANGUAGE_STANDARD = gnu11;
				GCC_DYNAMIC_NO_PIC = NO;
				GCC_NO_COMMON_BLOCKS = YES;
				GCC_OPTIMIZATION_LEVEL = 0;
				GCC_PREPROCESSOR_DEFINITIONS = (
					"DEBUG=1",
					"$(inherited)",
				);
				GCC_WARN_64_TO_32_BIT_CONVERSION = YES;
				GCC_WARN_ABOUT_RETURN_TYPE = YES_ERROR;
				GCC_WARN_UNDECLARED_SELECTOR = YES;
				GCC_WARN_UNINITIALIZED_AUTOS = YES_AGGRESSIVE;
				GCC_WARN_UNUSED_FUNCTION = YES;
				GCC_WARN_UNUSED_VARIABLE = YES;
				IPHONEOS_DEPLOYMENT_TARGET = 14.1;
				MTL_ENABLE_DEBUG_INFO = INCLUDE_SOURCE;
				MTL_FAST_MATH = YES;
				ONLY_ACTIVE_ARCH = YES;
				SDKROOT = iphoneos;
				SWIFT_ACTIVE_COMPILATION_CONDITIONS = DEBUG;
				SWIFT_OPTIMIZATION_LEVEL = "-Onone";
			};
			name = Debug;
		};
		8209D04E256F9A4E006F4E9F /* Release */ = {
			isa = XCBuildConfiguration;
			buildSettings = {
				ALWAYS_SEARCH_USER_PATHS = NO;
				CLANG_ANALYZER_NONNULL = YES;
				CLANG_ANALYZER_NUMBER_OBJECT_CONVERSION = YES_AGGRESSIVE;
				CLANG_CXX_LANGUAGE_STANDARD = "gnu++14";
				CLANG_CXX_LIBRARY = "libc++";
				CLANG_ENABLE_MODULES = YES;
				CLANG_ENABLE_OBJC_ARC = YES;
				CLANG_ENABLE_OBJC_WEAK = YES;
				CLANG_WARN_BLOCK_CAPTURE_AUTORELEASING = YES;
				CLANG_WARN_BOOL_CONVERSION = YES;
				CLANG_WARN_COMMA = YES;
				CLANG_WARN_CONSTANT_CONVERSION = YES;
				CLANG_WARN_DEPRECATED_OBJC_IMPLEMENTATIONS = YES;
				CLANG_WARN_DIRECT_OBJC_ISA_USAGE = YES_ERROR;
				CLANG_WARN_DOCUMENTATION_COMMENTS = YES;
				CLANG_WARN_EMPTY_BODY = YES;
				CLANG_WARN_ENUM_CONVERSION = YES;
				CLANG_WARN_INFINITE_RECURSION = YES;
				CLANG_WARN_INT_CONVERSION = YES;
				CLANG_WARN_NON_LITERAL_NULL_CONVERSION = YES;
				CLANG_WARN_OBJC_IMPLICIT_RETAIN_SELF = YES;
				CLANG_WARN_OBJC_LITERAL_CONVERSION = YES;
				CLANG_WARN_OBJC_ROOT_CLASS = YES_ERROR;
				CLANG_WARN_QUOTED_INCLUDE_IN_FRAMEWORK_HEADER = YES;
				CLANG_WARN_RANGE_LOOP_ANALYSIS = YES;
				CLANG_WARN_STRICT_PROTOTYPES = YES;
				CLANG_WARN_SUSPICIOUS_MOVE = YES;
				CLANG_WARN_UNGUARDED_AVAILABILITY = YES_AGGRESSIVE;
				CLANG_WARN_UNREACHABLE_CODE = YES;
				CLANG_WARN__DUPLICATE_METHOD_MATCH = YES;
				COPY_PHASE_STRIP = NO;
				DEBUG_INFORMATION_FORMAT = "dwarf-with-dsym";
				ENABLE_NS_ASSERTIONS = NO;
				ENABLE_STRICT_OBJC_MSGSEND = YES;
				GCC_C_LANGUAGE_STANDARD = gnu11;
				GCC_NO_COMMON_BLOCKS = YES;
				GCC_WARN_64_TO_32_BIT_CONVERSION = YES;
				GCC_WARN_ABOUT_RETURN_TYPE = YES_ERROR;
				GCC_WARN_UNDECLARED_SELECTOR = YES;
				GCC_WARN_UNINITIALIZED_AUTOS = YES_AGGRESSIVE;
				GCC_WARN_UNUSED_FUNCTION = YES;
				GCC_WARN_UNUSED_VARIABLE = YES;
				IPHONEOS_DEPLOYMENT_TARGET = 14.1;
				MTL_ENABLE_DEBUG_INFO = NO;
				MTL_FAST_MATH = YES;
				SDKROOT = iphoneos;
				SWIFT_COMPILATION_MODE = wholemodule;
				SWIFT_OPTIMIZATION_LEVEL = "-O";
				VALIDATE_PRODUCT = YES;
			};
			name = Release;
		};
		8209D050256F9A4E006F4E9F /* Debug */ = {
			isa = XCBuildConfiguration;
			buildSettings = {
				ASSETCATALOG_COMPILER_APPICON_NAME = AppIcon;
				ASSETCATALOG_COMPILER_GLOBAL_ACCENT_COLOR_NAME = AccentColor;
				CODE_SIGN_STYLE = Automatic;
				INFOPLIST_FILE = TVBox/AppFiles/Info.plist;
				IPHONEOS_DEPLOYMENT_TARGET = 12.0;
				LD_RUNPATH_SEARCH_PATHS = (
					"$(inherited)",
					"@executable_path/Frameworks",
				);
				PRODUCT_BUNDLE_IDENTIFIER = digitalfactory.TVBox;
				PRODUCT_NAME = "$(TARGET_NAME)";
				SWIFT_VERSION = 5.0;
				TARGETED_DEVICE_FAMILY = 1;
			};
			name = Debug;
		};
		8209D051256F9A4E006F4E9F /* Release */ = {
			isa = XCBuildConfiguration;
			buildSettings = {
				ASSETCATALOG_COMPILER_APPICON_NAME = AppIcon;
				ASSETCATALOG_COMPILER_GLOBAL_ACCENT_COLOR_NAME = AccentColor;
				CODE_SIGN_STYLE = Automatic;
				INFOPLIST_FILE = TVBox/AppFiles/Info.plist;
				IPHONEOS_DEPLOYMENT_TARGET = 12.0;
				LD_RUNPATH_SEARCH_PATHS = (
					"$(inherited)",
					"@executable_path/Frameworks",
				);
				PRODUCT_BUNDLE_IDENTIFIER = digitalfactory.TVBox;
				PRODUCT_NAME = "$(TARGET_NAME)";
				SWIFT_VERSION = 5.0;
				TARGETED_DEVICE_FAMILY = 1;
			};
			name = Release;
		};
		8209D053256F9A4E006F4E9F /* Debug */ = {
			isa = XCBuildConfiguration;
			buildSettings = {
				ALWAYS_EMBED_SWIFT_STANDARD_LIBRARIES = YES;
				BUNDLE_LOADER = "$(TEST_HOST)";
				CODE_SIGN_STYLE = Automatic;
				INFOPLIST_FILE = TVBoxTests/Info.plist;
				IPHONEOS_DEPLOYMENT_TARGET = 14.1;
				LD_RUNPATH_SEARCH_PATHS = (
					"$(inherited)",
					"@executable_path/Frameworks",
					"@loader_path/Frameworks",
				);
				PRODUCT_BUNDLE_IDENTIFIER = digitalfactory.TVBoxTests;
				PRODUCT_NAME = "$(TARGET_NAME)";
				SWIFT_VERSION = 5.0;
				TARGETED_DEVICE_FAMILY = "1,2";
				TEST_HOST = "$(BUILT_PRODUCTS_DIR)/TVBox.app/TVBox";
			};
			name = Debug;
		};
		8209D054256F9A4E006F4E9F /* Release */ = {
			isa = XCBuildConfiguration;
			buildSettings = {
				ALWAYS_EMBED_SWIFT_STANDARD_LIBRARIES = YES;
				BUNDLE_LOADER = "$(TEST_HOST)";
				CODE_SIGN_STYLE = Automatic;
				INFOPLIST_FILE = TVBoxTests/Info.plist;
				IPHONEOS_DEPLOYMENT_TARGET = 14.1;
				LD_RUNPATH_SEARCH_PATHS = (
					"$(inherited)",
					"@executable_path/Frameworks",
					"@loader_path/Frameworks",
				);
				PRODUCT_BUNDLE_IDENTIFIER = digitalfactory.TVBoxTests;
				PRODUCT_NAME = "$(TARGET_NAME)";
				SWIFT_VERSION = 5.0;
				TARGETED_DEVICE_FAMILY = "1,2";
				TEST_HOST = "$(BUILT_PRODUCTS_DIR)/TVBox.app/TVBox";
			};
			name = Release;
		};
		8209D056256F9A4E006F4E9F /* Debug */ = {
			isa = XCBuildConfiguration;
			buildSettings = {
				ALWAYS_EMBED_SWIFT_STANDARD_LIBRARIES = YES;
				CODE_SIGN_STYLE = Automatic;
				INFOPLIST_FILE = TVBoxUITests/Info.plist;
				LD_RUNPATH_SEARCH_PATHS = (
					"$(inherited)",
					"@executable_path/Frameworks",
					"@loader_path/Frameworks",
				);
				PRODUCT_BUNDLE_IDENTIFIER = digitalfactory.TVBoxUITests;
				PRODUCT_NAME = "$(TARGET_NAME)";
				SWIFT_VERSION = 5.0;
				TARGETED_DEVICE_FAMILY = "1,2";
				TEST_TARGET_NAME = TVBox;
			};
			name = Debug;
		};
		8209D057256F9A4E006F4E9F /* Release */ = {
			isa = XCBuildConfiguration;
			buildSettings = {
				ALWAYS_EMBED_SWIFT_STANDARD_LIBRARIES = YES;
				CODE_SIGN_STYLE = Automatic;
				INFOPLIST_FILE = TVBoxUITests/Info.plist;
				LD_RUNPATH_SEARCH_PATHS = (
					"$(inherited)",
					"@executable_path/Frameworks",
					"@loader_path/Frameworks",
				);
				PRODUCT_BUNDLE_IDENTIFIER = digitalfactory.TVBoxUITests;
				PRODUCT_NAME = "$(TARGET_NAME)";
				SWIFT_VERSION = 5.0;
				TARGETED_DEVICE_FAMILY = "1,2";
				TEST_TARGET_NAME = TVBox;
			};
			name = Release;
		};
/* End XCBuildConfiguration section */

/* Begin XCConfigurationList section */
		8209D020256F9A4C006F4E9F /* Build configuration list for PBXProject "TVBox" */ = {
			isa = XCConfigurationList;
			buildConfigurations = (
				8209D04D256F9A4E006F4E9F /* Debug */,
				8209D04E256F9A4E006F4E9F /* Release */,
			);
			defaultConfigurationIsVisible = 0;
			defaultConfigurationName = Release;
		};
		8209D04F256F9A4E006F4E9F /* Build configuration list for PBXNativeTarget "TVBox" */ = {
			isa = XCConfigurationList;
			buildConfigurations = (
				8209D050256F9A4E006F4E9F /* Debug */,
				8209D051256F9A4E006F4E9F /* Release */,
			);
			defaultConfigurationIsVisible = 0;
			defaultConfigurationName = Release;
		};
		8209D052256F9A4E006F4E9F /* Build configuration list for PBXNativeTarget "TVBoxTests" */ = {
			isa = XCConfigurationList;
			buildConfigurations = (
				8209D053256F9A4E006F4E9F /* Debug */,
				8209D054256F9A4E006F4E9F /* Release */,
			);
			defaultConfigurationIsVisible = 0;
			defaultConfigurationName = Release;
		};
		8209D055256F9A4E006F4E9F /* Build configuration list for PBXNativeTarget "TVBoxUITests" */ = {
			isa = XCConfigurationList;
			buildConfigurations = (
				8209D056256F9A4E006F4E9F /* Debug */,
				8209D057256F9A4E006F4E9F /* Release */,
			);
			defaultConfigurationIsVisible = 0;
			defaultConfigurationName = Release;
		};
/* End XCConfigurationList section */
	};
	rootObject = 8209D01D256F9A4C006F4E9F /* Project object */;
}
